{
  "name": "hello-express",
  "version": "0.0.1",
  "lockfileVersion": 1,
  "requires": true,
  "dependencies": {
    "ascii-table": {
      "version": "0.0.9",
      "resolved": "https://registry.npmjs.org/ascii-table/-/ascii-table-0.0.9.tgz",
      "integrity": "sha1-BqZgTWpV1L9BqaR9mHLXp42jHnM="
    },
    "async": {
      "version": "3.2.0"
    },
    "common-tags": {
      "version": "1.8.0",
      "resolved": "https://registry.npmjs.org/common-tags/-/common-tags-1.8.0.tgz",
      "integrity": "sha512-6P6g0uetGpW/sdyUy/iQQCbFF0kWVMSIVSyYz7Zgjcgh8mgw8PQzDNZeyZ5DQ2gM7LBoZPHmnjz8rUthkBG5tw=="
    },
    "discord-money": {
      "version": "0.2.0"
    },
    "djs-commands": {
      "version": "1.2.2",
      "resolved": "https://registry.npmjs.org/djs-commands/-/djs-commands-1.2.2.tgz",
      "integrity": "sha512-L4J9lViEgAp7Yb7GoukwOJFvO42bBf5r8htkQZ4CTasKrK7sI1vyB0R5RfUJnwq+5vHBzdmwyJjW8LXJYAxuFw==",
      "requires": {
        "fs": "0.0.1-security"
      },
      "dependencies": {
        "fs": {
          "version": "0.0.1-security",
          "resolved": "https://registry.npmjs.org/fs/-/fs-0.0.1-security.tgz",
          "integrity": "sha1-invTcYa23d84E/I4WLV+yq9eQdQ="
        }
      }
    },
    "dotenv": {
      "version": "8.2.0",
      "resolved": "https://registry.npmjs.org/dotenv/-/dotenv-8.2.0.tgz",
      "integrity": "sha512-8sJ78ElpbDJBHNeBzUbUVLsqKdccaa/BXF1uPTw3GrvQTBgrQrtObr2mUrE38vzYd8cEv+m/JBfDLioYcfXoaw=="
    },
    "fs": {
      "version": "0.0.2"
    },
    "opusscript": {
      "version": "0.0.7"
    },
    "simple-youtube-api": {
      "version": "5.2.1",
      "requires": {
        "iso8601-duration": "^1.2.0",
        "node-fetch": "^2.6.0"
      }
    },
    "src": {
      "version": "1.1.2",
      "requires": {
        "redis-url": "~0.2.0",
        "underscore": "~1.6.0",
        "uuid": "~1.4.1"
      }
    },
    "youtube-search": {
      "version": "1.1.4",
      "requires": {
        "axios": "^0.18.0",
        "xml2js": "~0.2.8"
      }
    }
  }
}
